
Microsoft Visual Studio Solution File, Format Version 12.00
# Visual Studio 15
VisualStudioVersion = 15.0.28307.489
MinimumVisualStudioVersion = 10.0.40219.1
Project("{9A19103F-16F7-4668-BE54-9A1E7A4F7556}") = "DistanceMatrixTest", "DistanceMatrixTest\DistanceMatrixTest.csproj", "{498AD664-08FD-4249-848A-6574E75F5C9B}"
EndProject
Project("{FAE04EC0-301F-11D3-BF4B-00C04F79EFBC}") = "BingMapsRESTToolkit", "..\BingMapsRESTToolkit\Source\BingMapsRESTToolkit.csproj", "{AC15CCAC-63B7-43EB-A1CB-25925F04398B}"
EndProject
Global
	GlobalSection(SolutionConfigurationPlatforms) = preSolution
		Debug|Any CPU = Debug|Any CPU
		Debug|x64 = Debug|x64
		Release|Any CPU = Release|Any CPU
		Release|x64 = Release|x64
	EndGlobalSection
	GlobalSection(ProjectConfigurationPlatforms) = postSolution
		{498AD664-08FD-4249-848A-6574E75F5C9B}.Debug|Any CPU.ActiveCfg = Debug|Any CPU
		{498AD664-08FD-4249-848A-6574E75F5C9B}.Debug|Any CPU.Build.0 = Debug|Any CPU
		{498AD664-08FD-4249-848A-6574E75F5C9B}.Debug|x64.ActiveCfg = Debug|x64
		{498AD664-08FD-4249-848A-6574E75F5C9B}.Debug|x64.Build.0 = Debug|x64
		{498AD664-08FD-4249-848A-6574E75F5C9B}.Release|Any CPU.ActiveCfg = Release|Any CPU
		{498AD664-08FD-4249-848A-6574E75F5C9B}.Release|Any CPU.Build.0 = Release|Any CPU
		{498AD664-08FD-4249-848A-6574E75F5C9B}.Release|x64.ActiveCfg = Release|x64
		{498AD664-08FD-4249-848A-6574E75F5C9B}.Release|x64.Build.0 = Release|x64
		{AC15CCAC-63B7-43EB-A1CB-25925F04398B}.Debug|Any CPU.ActiveCfg = Debug|Any CPU
		{AC15CCAC-63B7-43EB-A1CB-25925F04398B}.Debug|Any CPU.Build.0 = Debug|Any CPU
		{AC15CCAC-63B7-43EB-A1CB-25925F04398B}.Debug|x64.ActiveCfg = Debug|Any CPU
		{AC15CCAC-63B7-43EB-A1CB-25925F04398B}.Debug|x64.Build.0 = Debug|Any CPU
		{AC15CCAC-63B7-43EB-A1CB-25925F04398B}.Release|Any CPU.ActiveCfg = Release|Any CPU
		{AC15CCAC-63B7-43EB-A1CB-25925F04398B}.Release|Any CPU.Build.0 = Release|Any CPU
		{AC15CCAC-63B7-43EB-A1CB-25925F04398B}.Release|x64.ActiveCfg = Release|Any CPU
		{AC15CCAC-63B7-43EB-A1CB-25925F04398B}.Release|x64.Build.0 = Release|Any CPU
	EndGlobalSection
	GlobalSection(SolutionProperties) = preSolution
		HideSolutionNode = FALSE
	EndGlobalSection
	GlobalSection(ExtensibilityGlobals) = postSolution
		SolutionGuid = {9EB569B1-2DB7-4CB8-A318-163EDCF37F57}
	EndGlobalSection
EndGlobal
